
Microsoft Visual Studio Solution File, Format Version 12.00
# Visual Studio Version 17
VisualStudioVersion = 17.5.33516.290
MinimumVisualStudioVersion = 10.0.40219.1
Project("{8BC9CEB8-8B4A-11D0-8D11-00A0C91BC942}") = "20_09_23 SQL _ creating tables and defining data", "20_09_23 SQL _ creating tables and defining data\20_09_23 SQL _ creating tables and defining data.vcxproj", "{5D5C9187-A4BB-4D3B-B05E-F43EDAC34FFF}"
EndProject
Global
	GlobalSection(SolutionConfigurationPlatforms) = preSolution
		Debug|x64 = Debug|x64
		Debug|x86 = Debug|x86
		Release|x64 = Release|x64
		Release|x86 = Release|x86
	EndGlobalSection
	GlobalSection(ProjectConfigurationPlatforms) = postSolution
		{5D5C9187-A4BB-4D3B-B05E-F43EDAC34FFF}.Debug|x64.ActiveCfg = Debug|x64
		{5D5C9187-A4BB-4D3B-B05E-F43EDAC34FFF}.Debug|x64.Build.0 = Debug|x64
		{5D5C9187-A4BB-4D3B-B05E-F43EDAC34FFF}.Debug|x86.ActiveCfg = Debug|Win32
		{5D5C9187-A4BB-4D3B-B05E-F43EDAC34FFF}.Debug|x86.Build.0 = Debug|Win32
		{5D5C9187-A4BB-4D3B-B05E-F43EDAC34FFF}.Release|x64.ActiveCfg = Release|x64
		{5D5C9187-A4BB-4D3B-B05E-F43EDAC34FFF}.Release|x64.Build.0 = Release|x64
		{5D5C9187-A4BB-4D3B-B05E-F43EDAC34FFF}.Release|x86.ActiveCfg = Release|Win32
		{5D5C9187-A4BB-4D3B-B05E-F43EDAC34FFF}.Release|x86.Build.0 = Release|Win32
	EndGlobalSection
	GlobalSection(SolutionProperties) = preSolution
		HideSolutionNode = FALSE
	EndGlobalSection
	GlobalSection(ExtensibilityGlobals) = postSolution
		SolutionGuid = {3CD33C82-3322-47AF-BC48-E34E4A96E51C}
	EndGlobalSection
EndGlobal
